
Microsoft Visual Studio Solution File, Format Version 12.00
# Visual Studio 15
VisualStudioVersion = 15.0.28307.1231
MinimumVisualStudioVersion = 10.0.40219.1
Project("{8BC9CEB8-8B4A-11D0-8D11-00A0C91BC942}") = "psd", "psd.vcxproj", "{654F5AB1-EBE2-4835-BFCC-6220BAB7461C}"
EndProject
Global
	GlobalSection(SolutionConfigurationPlatforms) = preSolution
		Debug|x64 = Debug|x64
		Debug|x86 = Debug|x86
		Release|x64 = Release|x64
		Release|x86 = Release|x86
	EndGlobalSection
	GlobalSection(ProjectConfigurationPlatforms) = postSolution
		{654F5AB1-EBE2-4835-BFCC-6220BAB7461C}.Debug|x64.ActiveCfg = Debug|x64
		{654F5AB1-EBE2-4835-BFCC-6220BAB7461C}.Debug|x64.Build.0 = Debug|x64
		{654F5AB1-EBE2-4835-BFCC-6220BAB7461C}.Debug|x86.ActiveCfg = Debug|Win32
		{654F5AB1-EBE2-4835-BFCC-6220BAB7461C}.Debug|x86.Build.0 = Debug|Win32
		{654F5AB1-EBE2-4835-BFCC-6220BAB7461C}.Release|x64.ActiveCfg = Release|x64
		{654F5AB1-EBE2-4835-BFCC-6220BAB7461C}.Release|x64.Build.0 = Release|x64
		{654F5AB1-EBE2-4835-BFCC-6220BAB7461C}.Release|x86.ActiveCfg = Release|Win32
		{654F5AB1-EBE2-4835-BFCC-6220BAB7461C}.Release|x86.Build.0 = Release|Win32
	EndGlobalSection
	GlobalSection(SolutionProperties) = preSolution
		HideSolutionNode = FALSE
	EndGlobalSection
	GlobalSection(ExtensibilityGlobals) = postSolution
		SolutionGuid = {5C41A22C-5792-477B-BC64-B5ECE11520EB}
	EndGlobalSection
EndGlobal
